
Microsoft Visual Studio Solution File, Format Version 12.00
# Visual Studio Version 16
VisualStudioVersion = 16.0.30320.27
MinimumVisualStudioVersion = 10.0.40219.1
Project("{FAE04EC0-301F-11D3-BF4B-00C04F79EFBC}") = "MyCSharpApp", "MyCSharpApp.csproj", "{1079F5D3-11DE-4F57-AF19-0E20B5C13493}"
EndProject
Global
	GlobalSection(SolutionConfigurationPlatforms) = preSolution
		Debug|Any CPU = Debug|Any CPU
		Release|Any CPU = Release|Any CPU
	EndGlobalSection
	GlobalSection(ProjectConfigurationPlatforms) = postSolution
		{1079F5D3-11DE-4F57-AF19-0E20B5C13493}.Debug|Any CPU.ActiveCfg = Debug|Any CPU
		{1079F5D3-11DE-4F57-AF19-0E20B5C13493}.Debug|Any CPU.Build.0 = Debug|Any CPU
		{1079F5D3-11DE-4F57-AF19-0E20B5C13493}.Release|Any CPU.ActiveCfg = Release|Any CPU
		{1079F5D3-11DE-4F57-AF19-0E20B5C13493}.Release|Any CPU.Build.0 = Release|Any CPU
	EndGlobalSection
	GlobalSection(SolutionProperties) = preSolution
		HideSolutionNode = FALSE
	EndGlobalSection
	GlobalSection(ExtensibilityGlobals) = postSolution
		SolutionGuid = {383F3738-1812-4266-A531-C516038A4BD3}
	EndGlobalSection
EndGlobal
